
Microsoft Visual Studio Solution File, Format Version 12.00
# Visual Studio 15
VisualStudioVersion = 15.0.27130.2020
MinimumVisualStudioVersion = 10.0.40219.1
Project("{FAE04EC0-301F-11D3-BF4B-00C04F79EFBC}") = "TextParserConsole", "TextParserConsole\TextParserConsole.csproj", "{CD5F1824-5829-4883-BAE9-E5929C1C3DBF}"
EndProject
Project("{FAE04EC0-301F-11D3-BF4B-00C04F79EFBC}") = "TextParserWebApp", "TextParserWebApp\TextParserWebApp.csproj", "{132C5909-B428-4852-876E-AB9769378125}"
EndProject
Project("{FAE04EC0-301F-11D3-BF4B-00C04F79EFBC}") = "TextParser", "TextParser\TextParser.csproj", "{335CBD2A-91A4-44C0-9545-073232C26BA6}"
EndProject
Global
	GlobalSection(SolutionConfigurationPlatforms) = preSolution
		Debug|Any CPU = Debug|Any CPU
		Release|Any CPU = Release|Any CPU
	EndGlobalSection
	GlobalSection(ProjectConfigurationPlatforms) = postSolution
		{CD5F1824-5829-4883-BAE9-E5929C1C3DBF}.Debug|Any CPU.ActiveCfg = Debug|Any CPU
		{CD5F1824-5829-4883-BAE9-E5929C1C3DBF}.Debug|Any CPU.Build.0 = Debug|Any CPU
		{CD5F1824-5829-4883-BAE9-E5929C1C3DBF}.Release|Any CPU.ActiveCfg = Release|Any CPU
		{CD5F1824-5829-4883-BAE9-E5929C1C3DBF}.Release|Any CPU.Build.0 = Release|Any CPU
		{132C5909-B428-4852-876E-AB9769378125}.Debug|Any CPU.ActiveCfg = Debug|Any CPU
		{132C5909-B428-4852-876E-AB9769378125}.Debug|Any CPU.Build.0 = Debug|Any CPU
		{132C5909-B428-4852-876E-AB9769378125}.Release|Any CPU.ActiveCfg = Release|Any CPU
		{132C5909-B428-4852-876E-AB9769378125}.Release|Any CPU.Build.0 = Release|Any CPU
		{335CBD2A-91A4-44C0-9545-073232C26BA6}.Debug|Any CPU.ActiveCfg = Debug|Any CPU
		{335CBD2A-91A4-44C0-9545-073232C26BA6}.Debug|Any CPU.Build.0 = Debug|Any CPU
		{335CBD2A-91A4-44C0-9545-073232C26BA6}.Release|Any CPU.ActiveCfg = Release|Any CPU
		{335CBD2A-91A4-44C0-9545-073232C26BA6}.Release|Any CPU.Build.0 = Release|Any CPU
	EndGlobalSection
	GlobalSection(SolutionProperties) = preSolution
		HideSolutionNode = FALSE
	EndGlobalSection
	GlobalSection(ExtensibilityGlobals) = postSolution
		SolutionGuid = {4697AAA1-1C9A-4C81-8E05-1D2F1D586634}
	EndGlobalSection
EndGlobal
